{
  "name": "@atlaxt/to-public",
  "version": "2.0.0",
  "lockfileVersion": 3,
  "requires": true,
  "packages": {
    "": {
      "name": "@atlaxt/to-public",
      "version": "2.0.0",
      "license": "MIT",
      "bin": {
        "to-public": "cli.js"
      },
      "engines": {
        "node": ">=14"
      }
    }
  }
}
